
Microsoft Visual Studio Solution File, Format Version 11.00
# Visual Studio 2010
Project("{FAE04EC0-301F-11D3-BF4B-00C04F79EFBC}") = "Explore Plovdiv", "Assembly-CSharp.csproj", "{A12B14ED-6ACB-C753-8753-FADC5FA154A4}"
EndProject
Project("{FAE04EC0-301F-11D3-BF4B-00C04F79EFBC}") = "Explore Plovdiv", "Assembly-CSharp-Editor.csproj", "{98E0E55A-18C9-A2F5-E454-3ADD7D82DFFF}"
EndProject
Global
	GlobalSection(SolutionConfigurationPlatforms) = preSolution
		Debug|Any CPU = Debug|Any CPU
		Release|Any CPU = Release|Any CPU
	EndGlobalSection
	GlobalSection(ProjectConfigurationPlatforms) = postSolution
		{A12B14ED-6ACB-C753-8753-FADC5FA154A4}.Debug|Any CPU.ActiveCfg = Debug|Any CPU
		{A12B14ED-6ACB-C753-8753-FADC5FA154A4}.Debug|Any CPU.Build.0 = Debug|Any CPU
		{A12B14ED-6ACB-C753-8753-FADC5FA154A4}.Release|Any CPU.ActiveCfg = Release|Any CPU
		{A12B14ED-6ACB-C753-8753-FADC5FA154A4}.Release|Any CPU.Build.0 = Release|Any CPU
		{98E0E55A-18C9-A2F5-E454-3ADD7D82DFFF}.Debug|Any CPU.ActiveCfg = Debug|Any CPU
		{98E0E55A-18C9-A2F5-E454-3ADD7D82DFFF}.Debug|Any CPU.Build.0 = Debug|Any CPU
		{98E0E55A-18C9-A2F5-E454-3ADD7D82DFFF}.Release|Any CPU.ActiveCfg = Release|Any CPU
		{98E0E55A-18C9-A2F5-E454-3ADD7D82DFFF}.Release|Any CPU.Build.0 = Release|Any CPU
	EndGlobalSection
	GlobalSection(SolutionProperties) = preSolution
		HideSolutionNode = FALSE
	EndGlobalSection
	GlobalSection(MonoDevelopProperties) = preSolution
		StartupItem = Assembly-CSharp.csproj
	EndGlobalSection
EndGlobal
